{
  "version": 4,
  "terraform_version": "1.1.4",
  "serial": 194,
  "lineage": "de455257-b084-714b-bc04-9567462a0f52",
  "outputs": {},
  "resources": [
    {
      "mode": "data",
      "type": "aws_route53_zone",
      "name": "wiktorkowalski",
      "provider": "provider[\"registry.terraform.io/hashicorp/aws\"]",
      "instances": [
        {
          "schema_version": 0,
          "attributes": {
            "arn": "arn:aws:route53:::hostedzone/Z05279451O9I6EYV5TDX",
            "caller_reference": "d7548eaf-79b0-4a01-8579-d369fe28d8e7",
            "comment": "",
            "id": "Z05279451O9I6EYV5TDX",
            "linked_service_description": null,
            "linked_service_principal": null,
            "name": "wiktorkowalski.pl",
            "name_servers": [
              "ns-195.awsdns-24.com",
              "ns-1576.awsdns-05.co.uk",
              "ns-917.awsdns-50.net",
              "ns-1527.awsdns-62.org"
            ],
            "primary_name_server": "ns-195.awsdns-24.com",
            "private_zone": false,
            "resource_record_set_count": 3,
            "tags": {},
            "vpc_id": null,
            "zone_id": "Z05279451O9I6EYV5TDX"
          },
          "sensitive_attributes": []
        }
      ]
    },
    {
      "mode": "managed",
      "type": "aws_amplify_app",
      "name": "basic",
      "provider": "provider[\"registry.terraform.io/hashicorp/aws\"]",
      "instances": [
        {
          "schema_version": 0,
          "attributes": {
            "access_token": "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",
            "arn": "arn:aws:amplify:eu-central-1:942892246732:apps/d3qhgshx10qmkl",
            "auto_branch_creation_config": [],
            "auto_branch_creation_patterns": null,
            "basic_auth_credentials": "",
            "build_spec": "version: 1\r\nfrontend:\r\n  phases:\r\n    preBuild:\r\n      # Not using npm? Change `npm ci` to `yarn install` or `pnpm i`\r\n      commands:\r\n        - npm ci\r\n    build:\r\n      commands:\r\n        - npm run build\r\n  artifacts:\r\n    baseDirectory: /dist\r\n    files:\r\n      - '**/*'\r\n  cache:\r\n    paths:\r\n      - node_modules/**/*",
            "custom_rule": [],
            "default_domain": "d3qhgshx10qmkl.amplifyapp.com",
            "description": "",
            "enable_auto_branch_creation": false,
            "enable_basic_auth": false,
            "enable_branch_auto_build": false,
            "enable_branch_auto_deletion": false,
            "environment_variables": null,
            "iam_service_role_arn": "",
            "id": "d3qhgshx10qmkl",
            "name": "basic",
            "oauth_token": null,
            "platform": "WEB",
            "production_branch": [],
            "repository": "https://github.com/wiktorkowalski/basic",
            "tags": null,
            "tags_all": {}
          },
          "sensitive_attributes": [],
          "private": "bnVsbA=="
        }
      ]
    },
    {
      "mode": "managed",
      "type": "aws_amplify_branch",
      "name": "master",
      "provider": "provider[\"registry.terraform.io/hashicorp/aws\"]",
      "instances": [
        {
          "schema_version": 0,
          "attributes": {
            "app_id": "d3qhgshx10qmkl",
            "arn": "arn:aws:amplify:eu-central-1:942892246732:apps/d3qhgshx10qmkl/branches/master",
            "associated_resources": [],
            "backend_environment_arn": "",
            "basic_auth_credentials": "",
            "branch_name": "master",
            "custom_domains": [],
            "description": "",
            "destination_branch": "",
            "display_name": "master",
            "enable_auto_build": true,
            "enable_basic_auth": false,
            "enable_notification": false,
            "enable_performance_mode": false,
            "enable_pull_request_preview": false,
            "environment_variables": null,
            "framework": "",
            "id": "d3qhgshx10qmkl/master",
            "pull_request_environment_name": "",
            "source_branch": "",
            "stage": "NONE",
            "tags": null,
            "tags_all": {},
            "ttl": "5"
          },
          "sensitive_attributes": [],
          "private": "bnVsbA==",
          "dependencies": [
            "aws_amplify_app.basic"
          ]
        }
      ]
    },
    {
      "mode": "managed",
      "type": "aws_amplify_domain_association",
      "name": "basic",
      "provider": "provider[\"registry.terraform.io/hashicorp/aws\"]",
      "instances": [
        {
          "schema_version": 0,
          "attributes": {
            "app_id": "d3qhgshx10qmkl",
            "arn": "arn:aws:amplify:eu-central-1:942892246732:apps/d3qhgshx10qmkl/domains/wiktorkowalski.pl",
            "certificate_verification_dns_record": "_74118ed310c7456829474178bf4fbebb.wiktorkowalski.pl. CNAME _8a5bdf5a5e0a8d6cded32813d03922ea.yghrkwvzvz.acm-validations.aws.",
            "domain_name": "wiktorkowalski.pl",
            "enable_auto_sub_domain": false,
            "id": "d3qhgshx10qmkl/wiktorkowalski.pl",
            "sub_domain": [
              {
                "branch_name": "master",
                "dns_record": "basic CNAME d3s2if9q50h21v.cloudfront.net",
                "prefix": "basic",
                "verified": false
              }
            ],
            "wait_for_verification": true
          },
          "sensitive_attributes": [],
          "private": "bnVsbA==",
          "dependencies": [
            "aws_amplify_app.basic",
            "aws_amplify_branch.master"
          ]
        }
      ]
    }
  ]
}
